
Microsoft Visual Studio Solution File, Format Version 12.00
# Visual Studio Version 16
VisualStudioVersion = 16.0.32929.386
MinimumVisualStudioVersion = 10.0.40219.1
Project("{FAE04EC0-301F-11D3-BF4B-00C04F79EFBC}") = "NewEtickets", "NewEtickets.csproj", "{DAC334ED-41F4-4168-A339-96820F9BD5B6}"
EndProject
Global
	GlobalSection(SolutionConfigurationPlatforms) = preSolution
		Debug|Any CPU = Debug|Any CPU
		Release|Any CPU = Release|Any CPU
	EndGlobalSection
	GlobalSection(ProjectConfigurationPlatforms) = postSolution
		{DAC334ED-41F4-4168-A339-96820F9BD5B6}.Debug|Any CPU.ActiveCfg = Debug|Any CPU
		{DAC334ED-41F4-4168-A339-96820F9BD5B6}.Debug|Any CPU.Build.0 = Debug|Any CPU
		{DAC334ED-41F4-4168-A339-96820F9BD5B6}.Release|Any CPU.ActiveCfg = Release|Any CPU
		{DAC334ED-41F4-4168-A339-96820F9BD5B6}.Release|Any CPU.Build.0 = Release|Any CPU
	EndGlobalSection
	GlobalSection(SolutionProperties) = preSolution
		HideSolutionNode = FALSE
	EndGlobalSection
	GlobalSection(ExtensibilityGlobals) = postSolution
		SolutionGuid = {A49562C1-6CC5-4223-96DD-C4C0710BCA0A}
	EndGlobalSection
EndGlobal
